
Microsoft Visual Studio Solution File, Format Version 12.00
# Visual Studio 15
Project("{FAE04EC0-301F-11D3-BF4B-00C04F79EFBC}") = "Assembly-CSharp", "Assembly-CSharp.csproj", "{6EC2B542-961F-7207-B86E-2B118C80E356}"
EndProject
Project("{FAE04EC0-301F-11D3-BF4B-00C04F79EFBC}") = "Assembly-CSharp-Editor", "Assembly-CSharp-Editor.csproj", "{C04DA4ED-76B3-CE16-B18E-EC7DAEC5ABCA}"
EndProject
Global
	GlobalSection(SolutionConfigurationPlatforms) = preSolution
		Debug|Any CPU = Debug|Any CPU
		Release|Any CPU = Release|Any CPU
	EndGlobalSection
	GlobalSection(ProjectConfigurationPlatforms) = postSolution
		{6EC2B542-961F-7207-B86E-2B118C80E356}.Debug|Any CPU.ActiveCfg = Debug|Any CPU
		{6EC2B542-961F-7207-B86E-2B118C80E356}.Debug|Any CPU.Build.0 = Debug|Any CPU
		{6EC2B542-961F-7207-B86E-2B118C80E356}.Release|Any CPU.ActiveCfg = Release|Any CPU
		{6EC2B542-961F-7207-B86E-2B118C80E356}.Release|Any CPU.Build.0 = Release|Any CPU
		{C04DA4ED-76B3-CE16-B18E-EC7DAEC5ABCA}.Debug|Any CPU.ActiveCfg = Debug|Any CPU
		{C04DA4ED-76B3-CE16-B18E-EC7DAEC5ABCA}.Debug|Any CPU.Build.0 = Debug|Any CPU
		{C04DA4ED-76B3-CE16-B18E-EC7DAEC5ABCA}.Release|Any CPU.ActiveCfg = Release|Any CPU
		{C04DA4ED-76B3-CE16-B18E-EC7DAEC5ABCA}.Release|Any CPU.Build.0 = Release|Any CPU
	EndGlobalSection
	GlobalSection(SolutionProperties) = preSolution
		HideSolutionNode = FALSE
	EndGlobalSection
EndGlobal
